<?xml version="1.0" encoding="UTF-8"?>
<Scheme
   LastUpgradeVersion = "1130"
   version = "1.3">
   <BuildAction
      parallelizeBuildables = "YES"
      buildImplicitDependencies = "YES">
   </BuildAction>
   <TestAction
      buildConfiguration = "Debug"
      selectedDebuggerIdentifier = "Xcode.DebuggerFoundation.Debugger.LLDB"
      selectedLauncherIdentifier = "Xcode.DebuggerFoundation.Launcher.LLDB"
      shouldUseLaunchSchemeArgsEnv = "YES">
      <Testables>
         <TestableReference
            skipped = "NO"
            testExecutionOrdering = "random">
            <BuildableReference
               BuildableIdentifier = "primary"
               BlueprintIdentifier = "LeetcodeTests"
               BuildableName = "LeetcodeTests"
               BlueprintName = "LeetcodeTests"
               ReferencedContainer = "container:">
            </BuildableReference>
            <SkippedTests>
               <Test
                  Identifier = "AddQuestionToFavoriteListTests">
               </Test>
               <Test
                  Identifier = "AddQuestionToNewFavoriteListTests">
               </Test>
               <Test
                  Identifier = "CheckInterpretationTests">
               </Test>
               <Test
                  Identifier = "CreateSessionTests">
               </Test>
               <Test
                  Identifier = "DateProviderTest">
               </Test>
               <Test
                  Identifier = "DeleteFavoriteListTests">
               </Test>
               <Test
                  Identifier = "DeleteFavoriteQuestionTests">
               </Test>
               <Test
                  Identifier = "DeleteSessionTests">
               </Test>
               <Test
                  Identifier = "GetAllProblemsTests">
               </Test>
               <Test
                  Identifier = "GetDetailsForProblemTests">
               </Test>
               <Test
                  Identifier = "GetFavoritesTests">
               </Test>
               <Test
                  Identifier = "GetProblemsTests">
               </Test>
               <Test
                  Identifier = "GetUserInfoTest">
               </Test>
               <Test
                  Identifier = "HTTPCookieTests">
               </Test>
               <Test
                  Identifier = "InterpretSolutionTests">
               </Test>
               <Test
                  Identifier = "IsLoggedInTests">
               </Test>
               <Test
                  Identifier = "JudgeTests">
               </Test>
               <Test
                  Identifier = "LeetcodeConstantsTests">
               </Test>
               <Test
                  Identifier = "LeetcodeTestCase">
               </Test>
               <Test
                  Identifier = "LeetcodeUnauthorizedTests">
               </Test>
               <Test
                  Identifier = "ListSubmissionsTests">
               </Test>
               <Test
                  Identifier = "LoginTests">
               </Test>
               <Test
                  Identifier = "LogoutTests">
               </Test>
               <Test
                  Identifier = "ProgrammingLanguageTests">
               </Test>
               <Test
                  Identifier = "RenameSessionTests">
               </Test>
               <Test
                  Identifier = "SubmitCodeTests">
               </Test>
               <Test
                  Identifier = "TestCaseInputTests">
               </Test>
               <Test
                  Identifier = "TestSolutionTests">
               </Test>
            </SkippedTests>
         </TestableReference>
      </Testables>
   </TestAction>
   <LaunchAction
      buildConfiguration = "Debug"
      selectedDebuggerIdentifier = "Xcode.DebuggerFoundation.Debugger.LLDB"
      selectedLauncherIdentifier = "Xcode.DebuggerFoundation.Launcher.LLDB"
      launchStyle = "0"
      useCustomWorkingDirectory = "NO"
      ignoresPersistentStateOnLaunch = "NO"
      debugDocumentVersioning = "YES"
      debugServiceExtension = "internal"
      allowLocationSimulation = "YES">
      <EnvironmentVariables>
         <EnvironmentVariable
            key = "LEETCODE_REGION"
            value = "world"
            isEnabled = "YES">
         </EnvironmentVariable>
      </EnvironmentVariables>
   </LaunchAction>
   <ProfileAction
      buildConfiguration = "Release"
      shouldUseLaunchSchemeArgsEnv = "YES"
      savedToolIdentifier = ""
      useCustomWorkingDirectory = "NO"
      debugDocumentVersioning = "YES">
   </ProfileAction>
   <AnalyzeAction
      buildConfiguration = "Debug">
   </AnalyzeAction>
   <ArchiveAction
      buildConfiguration = "Release"
      revealArchiveInOrganizer = "YES">
   </ArchiveAction>
</Scheme>
